// !$*UTF8*$!
{
	archiveVersion = 1;
	classes = {
	};
	objectVersion = 46;
	objects = {

/* Begin PBXBuildFile section */
		6D6AE2EC1C481AAC00260DA9 /* AppDelegate.swift in Sources */ = {isa = PBXBuildFile; fileRef = 6D6AE2EB1C481AAC00260DA9 /* AppDelegate.swift */; };
		6D6AE2EE1C481AAC00260DA9 /* ViewController.swift in Sources */ = {isa = PBXBuildFile; fileRef = 6D6AE2ED1C481AAC00260DA9 /* ViewController.swift */; };
		6D6AE2F11C481AAC00260DA9 /* Main.storyboard in Resources */ = {isa = PBXBuildFile; fileRef = 6D6AE2EF1C481AAC00260DA9 /* Main.storyboard */; };
		6D6AE2F31C481AAC00260DA9 /* Assets.xcassets in Resources */ = {isa = PBXBuildFile; fileRef = 6D6AE2F21C481AAC00260DA9 /* Assets.xcassets */; };
		6D6AE2F61C481AAC00260DA9 /* LaunchScreen.storyboard in Resources */ = {isa = PBXBuildFile; fileRef = 6D6AE2F41C481AAC00260DA9 /* LaunchScreen.storyboard */; };
		6D6AE3011C481AAC00260DA9 /* Background_fetch_capabilitiesTests.swift in Sources */ = {isa = PBXBuildFile; fileRef = 6D6AE3001C481AAC00260DA9 /* Background_fetch_capabilitiesTests.swift */; };
		6D6AE30C1C481AAC00260DA9 /* Background_fetch_capabilitiesUITests.swift in Sources */ = {isa = PBXBuildFile; fileRef = 6D6AE30B1C481AAC00260DA9 /* Background_fetch_capabilitiesUITests.swift */; };
		6D6AE31A1C481B9900260DA9 /* NewsItem.swift in Sources */ = {isa = PBXBuildFile; fileRef = 6D6AE3191C481B9900260DA9 /* NewsItem.swift */; settings = {ASSET_TAGS = (); }; };
/* End PBXBuildFile section */

/* Begin PBXContainerItemProxy section */
		6D6AE2FD1C481AAC00260DA9 /* PBXContainerItemProxy */ = {
			isa = PBXContainerItemProxy;
			containerPortal = 6D6AE2E01C481AAC00260DA9 /* Project object */;
			proxyType = 1;
			remoteGlobalIDString = 6D6AE2E71C481AAC00260DA9;
			remoteInfo = "Background fetch capabilities";
		};
		6D6AE3081C481AAC00260DA9 /* PBXContainerItemProxy */ = {
			isa = PBXContainerItemProxy;
			containerPortal = 6D6AE2E01C481AAC00260DA9 /* Project object */;
			proxyType = 1;
			remoteGlobalIDString = 6D6AE2E71C481AAC00260DA9;
			remoteInfo = "Background fetch capabilities";
		};
/* End PBXContainerItemProxy section */

/* Begin PBXFileReference section */
		6D6AE2E81C481AAC00260DA9 /* Background fetch capabilities.app */ = {isa = PBXFileReference; explicitFileType = wrapper.application; includeInIndex = 0; path = "Background fetch capabilities.app"; sourceTree = BUILT_PRODUCTS_DIR; };
		6D6AE2EB1C481AAC00260DA9 /* AppDelegate.swift */ = {isa = PBXFileReference; lastKnownFileType = sourcecode.swift; path = AppDelegate.swift; sourceTree = "<group>"; };
		6D6AE2ED1C481AAC00260DA9 /* ViewController.swift */ = {isa = PBXFileReference; lastKnownFileType = sourcecode.swift; path = ViewController.swift; sourceTree = "<group>"; };
		6D6AE2F01C481AAC00260DA9 /* Base */ = {isa = PBXFileReference; lastKnownFileType = file.storyboard; name = Base; path = Base.lproj/Main.storyboard; sourceTree = "<group>"; };
		6D6AE2F21C481AAC00260DA9 /* Assets.xcassets */ = {isa = PBXFileReference; lastKnownFileType = folder.assetcatalog; path = Assets.xcassets; sourceTree = "<group>"; };
		6D6AE2F51C481AAC00260DA9 /* Base */ = {isa = PBXFileReference; lastKnownFileType = file.storyboard; name = Base; path = Base.lproj/LaunchScreen.storyboard; sourceTree = "<group>"; };
		6D6AE2F71C481AAC00260DA9 /* Info.plist */ = {isa = PBXFileReference; lastKnownFileType = text.plist.xml; path = Info.plist; sourceTree = "<group>"; };
		6D6AE2FC1C481AAC00260DA9 /* Background fetch capabilitiesTests.xctest */ = {isa = PBXFileReference; explicitFileType = wrapper.cfbundle; includeInIndex = 0; path = "Background fetch capabilitiesTests.xctest"; sourceTree = BUILT_PRODUCTS_DIR; };
		6D6AE3001C481AAC00260DA9 /* Background_fetch_capabilitiesTests.swift */ = {isa = PBXFileReference; lastKnownFileType = sourcecode.swift; path = Background_fetch_capabilitiesTests.swift; sourceTree = "<group>"; };
		6D6AE3021C481AAC00260DA9 /* Info.plist */ = {isa = PBXFileReference; lastKnownFileType = text.plist.xml; path = Info.plist; sourceTree = "<group>"; };
		6D6AE3071C481AAC00260DA9 /* Background fetch capabilitiesUITests.xctest */ = {isa = PBXFileReference; explicitFileType = wrapper.cfbundle; includeInIndex = 0; path = "Background fetch capabilitiesUITests.xctest"; sourceTree = BUILT_PRODUCTS_DIR; };
		6D6AE30B1C481AAC00260DA9 /* Background_fetch_capabilitiesUITests.swift */ = {isa = PBXFileReference; lastKnownFileType = sourcecode.swift; path = Background_fetch_capabilitiesUITests.swift; sourceTree = "<group>"; };
		6D6AE30D1C481AAC00260DA9 /* Info.plist */ = {isa = PBXFileReference; lastKnownFileType = text.plist.xml; path = Info.plist; sourceTree = "<group>"; };
		6D6AE3191C481B9900260DA9 /* NewsItem.swift */ = {isa = PBXFileReference; fileEncoding = 4; lastKnownFileType = sourcecode.swift; path = NewsItem.swift; sourceTree = "<group>"; };
/* End PBXFileReference section */

/* Begin PBXFrameworksBuildPhase section */
		6D6AE2E51C481AAC00260DA9 /* Frameworks */ = {
			isa = PBXFrameworksBuildPhase;
			buildActionMask = 2147483647;
			files = (
			);
			runOnlyForDeploymentPostprocessing = 0;
		};
		6D6AE2F91C481AAC00260DA9 /* Frameworks */ = {
			isa = PBXFrameworksBuildPhase;
			buildActionMask = 2147483647;
			files = (
			);
			runOnlyForDeploymentPostprocessing = 0;
		};
		6D6AE3041C481AAC00260DA9 /* Frameworks */ = {
			isa = PBXFrameworksBuildPhase;
			buildActionMask = 2147483647;
			files = (
			);
			runOnlyForDeploymentPostprocessing = 0;
		};
/* End PBXFrameworksBuildPhase section */

/* Begin PBXGroup section */
		6D6AE2DF1C481AAC00260DA9 = {
			isa = PBXGroup;
			children = (
				6D6AE2EA1C481AAC00260DA9 /* Background fetch capabilities */,
				6D6AE2FF1C481AAC00260DA9 /* Background fetch capabilitiesTests */,
				6D6AE30A1C481AAC00260DA9 /* Background fetch capabilitiesUITests */,
				6D6AE2E91C481AAC00260DA9 /* Products */,
			);
			sourceTree = "<group>";
		};
		6D6AE2E91C481AAC00260DA9 /* Products */ = {
			isa = PBXGroup;
			children = (
				6D6AE2E81C481AAC00260DA9 /* Background fetch capabilities.app */,
				6D6AE2FC1C481AAC00260DA9 /* Background fetch capabilitiesTests.xctest */,
				6D6AE3071C481AAC00260DA9 /* Background fetch capabilitiesUITests.xctest */,
			);
			name = Products;
			sourceTree = "<group>";
		};
		6D6AE2EA1C481AAC00260DA9 /* Background fetch capabilities */ = {
			isa = PBXGroup;
			children = (
				6D6AE2EB1C481AAC00260DA9 /* AppDelegate.swift */,
				6D6AE2ED1C481AAC00260DA9 /* ViewController.swift */,
				6D6AE2EF1C481AAC00260DA9 /* Main.storyboard */,
				6D6AE2F21C481AAC00260DA9 /* Assets.xcassets */,
				6D6AE2F41C481AAC00260DA9 /* LaunchScreen.storyboard */,
				6D6AE2F71C481AAC00260DA9 /* Info.plist */,
				6D6AE3191C481B9900260DA9 /* NewsItem.swift */,
			);
			path = "Background fetch capabilities";
			sourceTree = "<group>";
		};
		6D6AE2FF1C481AAC00260DA9 /* Background fetch capabilitiesTests */ = {
			isa = PBXGroup;
			children = (
				6D6AE3001C481AAC00260DA9 /* Background_fetch_capabilitiesTests.swift */,
				6D6AE3021C481AAC00260DA9 /* Info.plist */,
			);
			path = "Background fetch capabilitiesTests";
			sourceTree = "<group>";
		};
		6D6AE30A1C481AAC00260DA9 /* Background fetch capabilitiesUITests */ = {
			isa = PBXGroup;
			children = (
				6D6AE30B1C481AAC00260DA9 /* Background_fetch_capabilitiesUITests.swift */,
				6D6AE30D1C481AAC00260DA9 /* Info.plist */,
			);
			path = "Background fetch capabilitiesUITests";
			sourceTree = "<group>";
		};
/* End PBXGroup section */

/* Begin PBXNativeTarget section */
		6D6AE2E71C481AAC00260DA9 /* Background fetch capabilities */ = {
			isa = PBXNativeTarget;
			buildConfigurationList = 6D6AE3101C481AAC00260DA9 /* Build configuration list for PBXNativeTarget "Background fetch capabilities" */;
			buildPhases = (
				6D6AE2E41C481AAC00260DA9 /* Sources */,
				6D6AE2E51C481AAC00260DA9 /* Frameworks */,
				6D6AE2E61C481AAC00260DA9 /* Resources */,
			);
			buildRules = (
			);
			dependencies = (
			);
			name = "Background fetch capabilities";
			productName = "Background fetch capabilities";
			productReference = 6D6AE2E81C481AAC00260DA9 /* Background fetch capabilities.app */;
			productType = "com.apple.product-type.application";
		};
		6D6AE2FB1C481AAC00260DA9 /* Background fetch capabilitiesTests */ = {
			isa = PBXNativeTarget;
			buildConfigurationList = 6D6AE3131C481AAC00260DA9 /* Build configuration list for PBXNativeTarget "Background fetch capabilitiesTests" */;
			buildPhases = (
				6D6AE2F81C481AAC00260DA9 /* Sources */,
				6D6AE2F91C481AAC00260DA9 /* Frameworks */,
				6D6AE2FA1C481AAC00260DA9 /* Resources */,
			);
			buildRules = (
			);
			dependencies = (
				6D6AE2FE1C481AAC00260DA9 /* PBXTargetDependency */,
			);
			name = "Background fetch capabilitiesTests";
			productName = "Background fetch capabilitiesTests";
			productReference = 6D6AE2FC1C481AAC00260DA9 /* Background fetch capabilitiesTests.xctest */;
			productType = "com.apple.product-type.bundle.unit-test";
		};
		6D6AE3061C481AAC00260DA9 /* Background fetch capabilitiesUITests */ = {
			isa = PBXNativeTarget;
			buildConfigurationList = 6D6AE3161C481AAC00260DA9 /* Build configuration list for PBXNativeTarget "Background fetch capabilitiesUITests" */;
			buildPhases = (
				6D6AE3031C481AAC00260DA9 /* Sources */,
				6D6AE3041C481AAC00260DA9 /* Frameworks */,
				6D6AE3051C481AAC00260DA9 /* Resources */,
			);
			buildRules = (
			);
			dependencies = (
				6D6AE3091C481AAC00260DA9 /* PBXTargetDependency */,
			);
			name = "Background fetch capabilitiesUITests";
			productName = "Background fetch capabilitiesUITests";
			productReference = 6D6AE3071C481AAC00260DA9 /* Background fetch capabilitiesUITests.xctest */;
			productType = "com.apple.product-type.bundle.ui-testing";
		};
/* End PBXNativeTarget section */

/* Begin PBXProject section */
		6D6AE2E01C481AAC00260DA9 /* Project object */ = {
			isa = PBXProject;
			attributes = {
				LastUpgradeCheck = 0700;
				ORGANIZATIONNAME = HackerU;
				TargetAttributes = {
					6D6AE2E71C481AAC00260DA9 = {
						CreatedOnToolsVersion = 7.0.1;
						SystemCapabilities = {
							com.apple.BackgroundModes = {
								enabled = 1;
							};
						};
					};
					6D6AE2FB1C481AAC00260DA9 = {
						CreatedOnToolsVersion = 7.0.1;
						TestTargetID = 6D6AE2E71C481AAC00260DA9;
					};
					6D6AE3061C481AAC00260DA9 = {
						CreatedOnToolsVersion = 7.0.1;
						TestTargetID = 6D6AE2E71C481AAC00260DA9;
					};
				};
			};
			buildConfigurationList = 6D6AE2E31C481AAC00260DA9 /* Build configuration list for PBXProject "Background fetch capabilities" */;
			compatibilityVersion = "Xcode 3.2";
			developmentRegion = English;
			hasScannedForEncodings = 0;
			knownRegions = (
				en,
				Base,
			);
			mainGroup = 6D6AE2DF1C481AAC00260DA9;
			productRefGroup = 6D6AE2E91C481AAC00260DA9 /* Products */;
			projectDirPath = "";
			projectRoot = "";
			targets = (
				6D6AE2E71C481AAC00260DA9 /* Background fetch capabilities */,
				6D6AE2FB1C481AAC00260DA9 /* Background fetch capabilitiesTests */,
				6D6AE3061C481AAC00260DA9 /* Background fetch capabilitiesUITests */,
			);
		};
/* End PBXProject section */

/* Begin PBXResourcesBuildPhase section */
		6D6AE2E61C481AAC00260DA9 /* Resources */ = {
			isa = PBXResourcesBuildPhase;
			buildActionMask = 2147483647;
			files = (
				6D6AE2F61C481AAC00260DA9 /* LaunchScreen.storyboard in Resources */,
				6D6AE2F31C481AAC00260DA9 /* Assets.xcassets in Resources */,
				6D6AE2F11C481AAC00260DA9 /* Main.storyboard in Resources */,
			);
			runOnlyForDeploymentPostprocessing = 0;
		};
		6D6AE2FA1C481AAC00260DA9 /* Resources */ = {
			isa = PBXResourcesBuildPhase;
			buildActionMask = 2147483647;
			files = (
			);
			runOnlyForDeploymentPostprocessing = 0;
		};
		6D6AE3051C481AAC00260DA9 /* Resources */ = {
			isa = PBXResourcesBuildPhase;
			buildActionMask = 2147483647;
			files = (
			);
			runOnlyForDeploymentPostprocessing = 0;
		};
/* End PBXResourcesBuildPhase section */

/* Begin PBXSourcesBuildPhase section */
		6D6AE2E41C481AAC00260DA9 /* Sources */ = {
			isa = PBXSourcesBuildPhase;
			buildActionMask = 2147483647;
			files = (
				6D6AE2EE1C481AAC00260DA9 /* ViewController.swift in Sources */,
				6D6AE31A1C481B9900260DA9 /* NewsItem.swift in Sources */,
				6D6AE2EC1C481AAC00260DA9 /* AppDelegate.swift in Sources */,
			);
			runOnlyForDeploymentPostprocessing = 0;
		};
		6D6AE2F81C481AAC00260DA9 /* Sources */ = {
			isa = PBXSourcesBuildPhase;
			buildActionMask = 2147483647;
			files = (
				6D6AE3011C481AAC00260DA9 /* Background_fetch_capabilitiesTests.swift in Sources */,
			);
			runOnlyForDeploymentPostprocessing = 0;
		};
		6D6AE3031C481AAC00260DA9 /* Sources */ = {
			isa = PBXSourcesBuildPhase;
			buildActionMask = 2147483647;
			files = (
				6D6AE30C1C481AAC00260DA9 /* Background_fetch_capabilitiesUITests.swift in Sources */,
			);
			runOnlyForDeploymentPostprocessing = 0;
		};
/* End PBXSourcesBuildPhase section */

/* Begin PBXTargetDependency section */
		6D6AE2FE1C481AAC00260DA9 /* PBXTargetDependency */ = {
			isa = PBXTargetDependency;
			target = 6D6AE2E71C481AAC00260DA9 /* Background fetch capabilities */;
			targetProxy = 6D6AE2FD1C481AAC00260DA9 /* PBXContainerItemProxy */;
		};
		6D6AE3091C481AAC00260DA9 /* PBXTargetDependency */ = {
			isa = PBXTargetDependency;
			target = 6D6AE2E71C481AAC00260DA9 /* Background fetch capabilities */;
			targetProxy = 6D6AE3081C481AAC00260DA9 /* PBXContainerItemProxy */;
		};
/* End PBXTargetDependency section */

/* Begin PBXVariantGroup section */
		6D6AE2EF1C481AAC00260DA9 /* Main.storyboard */ = {
			isa = PBXVariantGroup;
			children = (
				6D6AE2F01C481AAC00260DA9 /* Base */,
			);
			name = Main.storyboard;
			sourceTree = "<group>";
		};
		6D6AE2F41C481AAC00260DA9 /* LaunchScreen.storyboard */ = {
			isa = PBXVariantGroup;
			children = (
				6D6AE2F51C481AAC00260DA9 /* Base */,
			);
			name = LaunchScreen.storyboard;
			sourceTree = "<group>";
		};
/* End PBXVariantGroup section */

/* Begin XCBuildConfiguration section */
		6D6AE30E1C481AAC00260DA9 /* Debug */ = {
			isa = XCBuildConfiguration;
			buildSettings = {
				ALWAYS_SEARCH_USER_PATHS = NO;
				CLANG_CXX_LANGUAGE_STANDARD = "gnu++0x";
				CLANG_CXX_LIBRARY = "libc++";
				CLANG_ENABLE_MODULES = YES;
				CLANG_ENABLE_OBJC_ARC = YES;
				CLANG_WARN_BOOL_CONVERSION = YES;
				CLANG_WARN_CONSTANT_CONVERSION = YES;
				CLANG_WARN_DIRECT_OBJC_ISA_USAGE = YES_ERROR;
				CLANG_WARN_EMPTY_BODY = YES;
				CLANG_WARN_ENUM_CONVERSION = YES;
				CLANG_WARN_INT_CONVERSION = YES;
				CLANG_WARN_OBJC_ROOT_CLASS = YES_ERROR;
				CLANG_WARN_UNREACHABLE_CODE = YES;
				CLANG_WARN__DUPLICATE_METHOD_MATCH = YES;
				"CODE_SIGN_IDENTITY[sdk=iphoneos*]" = "iPhone Developer";
				COPY_PHASE_STRIP = NO;
				DEBUG_INFORMATION_FORMAT = dwarf;
				ENABLE_STRICT_OBJC_MSGSEND = YES;
				ENABLE_TESTABILITY = YES;
				GCC_C_LANGUAGE_STANDARD = gnu99;
				GCC_DYNAMIC_NO_PIC = NO;
				GCC_NO_COMMON_BLOCKS = YES;
				GCC_OPTIMIZATION_LEVEL = 0;
				GCC_PREPROCESSOR_DEFINITIONS = (
					"DEBUG=1",
					"$(inherited)",
				);
				GCC_WARN_64_TO_32_BIT_CONVERSION = YES;
				GCC_WARN_ABOUT_RETURN_TYPE = YES_ERROR;
				GCC_WARN_UNDECLARED_SELECTOR = YES;
				GCC_WARN_UNINITIALIZED_AUTOS = YES_AGGRESSIVE;
				GCC_WARN_UNUSED_FUNCTION = YES;
				GCC_WARN_UNUSED_VARIABLE = YES;
				IPHONEOS_DEPLOYMENT_TARGET = 9.0;
				MTL_ENABLE_DEBUG_INFO = YES;
				ONLY_ACTIVE_ARCH = YES;
				SDKROOT = iphoneos;
				SWIFT_OPTIMIZATION_LEVEL = "-Onone";
			};
			name = Debug;
		};
		6D6AE30F1C481AAC00260DA9 /* Release */ = {
			isa = XCBuildConfiguration;
			buildSettings = {
				ALWAYS_SEARCH_USER_PATHS = NO;
				CLANG_CXX_LANGUAGE_STANDARD = "gnu++0x";
				CLANG_CXX_LIBRARY = "libc++";
				CLANG_ENABLE_MODULES = YES;
				CLANG_ENABLE_OBJC_ARC = YES;
				CLANG_WARN_BOOL_CONVERSION = YES;
				CLANG_WARN_CONSTANT_CONVERSION = YES;
				CLANG_WARN_DIRECT_OBJC_ISA_USAGE = YES_ERROR;
				CLANG_WARN_EMPTY_BODY = YES;
				CLANG_WARN_ENUM_CONVERSION = YES;
				CLANG_WARN_INT_CONVERSION = YES;
				CLANG_WARN_OBJC_ROOT_CLASS = YES_ERROR;
				CLANG_WARN_UNREACHABLE_CODE = YES;
				CLANG_WARN__DUPLICATE_METHOD_MATCH = YES;
				"CODE_SIGN_IDENTITY[sdk=iphoneos*]" = "iPhone Developer";
				COPY_PHASE_STRIP = NO;
				DEBUG_INFORMATION_FORMAT = "dwarf-with-dsym";
				ENABLE_NS_ASSERTIONS = NO;
				ENABLE_STRICT_OBJC_MSGSEND = YES;
				GCC_C_LANGUAGE_STANDARD = gnu99;
				GCC_NO_COMMON_BLOCKS = YES;
				GCC_WARN_64_TO_32_BIT_CONVERSION = YES;
				GCC_WARN_ABOUT_RETURN_TYPE = YES_ERROR;
				GCC_WARN_UNDECLARED_SELECTOR = YES;
				GCC_WARN_UNINITIALIZED_AUTOS = YES_AGGRESSIVE;
				GCC_WARN_UNUSED_FUNCTION = YES;
				GCC_WARN_UNUSED_VARIABLE = YES;
				IPHONEOS_DEPLOYMENT_TARGET = 9.0;
				MTL_ENABLE_DEBUG_INFO = NO;
				SDKROOT = iphoneos;
				VALIDATE_PRODUCT = YES;
			};
			name = Release;
		};
		6D6AE3111C481AAC00260DA9 /* Debug */ = {
			isa = XCBuildConfiguration;
			buildSettings = {
				ASSETCATALOG_COMPILER_APPICON_NAME = AppIcon;
				INFOPLIST_FILE = "Background fetch capabilities/Info.plist";
				LD_RUNPATH_SEARCH_PATHS = "$(inherited) @executable_path/Frameworks";
				PRODUCT_BUNDLE_IDENTIFIER = "com.hyh.Background-fetch-capabilities";
				PRODUCT_NAME = "$(TARGET_NAME)";
			};
			name = Debug;
		};
		6D6AE3121C481AAC00260DA9 /* Release */ = {
			isa = XCBuildConfiguration;
			buildSettings = {
				ASSETCATALOG_COMPILER_APPICON_NAME = AppIcon;
				INFOPLIST_FILE = "Background fetch capabilities/Info.plist";
				LD_RUNPATH_SEARCH_PATHS = "$(inherited) @executable_path/Frameworks";
				PRODUCT_BUNDLE_IDENTIFIER = "com.hyh.Background-fetch-capabilities";
				PRODUCT_NAME = "$(TARGET_NAME)";
			};
			name = Release;
		};
		6D6AE3141C481AAC00260DA9 /* Debug */ = {
			isa = XCBuildConfiguration;
			buildSettings = {
				BUNDLE_LOADER = "$(TEST_HOST)";
				INFOPLIST_FILE = "Background fetch capabilitiesTests/Info.plist";
				LD_RUNPATH_SEARCH_PATHS = "$(inherited) @executable_path/Frameworks @loader_path/Frameworks";
				PRODUCT_BUNDLE_IDENTIFIER = "com.hyh.Background-fetch-capabilitiesTests";
				PRODUCT_NAME = "$(TARGET_NAME)";
				TEST_HOST = "$(BUILT_PRODUCTS_DIR)/Background fetch capabilities.app/Background fetch capabilities";
			};
			name = Debug;
		};
		6D6AE3151C481AAC00260DA9 /* Release */ = {
			isa = XCBuildConfiguration;
			buildSettings = {
				BUNDLE_LOADER = "$(TEST_HOST)";
				INFOPLIST_FILE = "Background fetch capabilitiesTests/Info.plist";
				LD_RUNPATH_SEARCH_PATHS = "$(inherited) @executable_path/Frameworks @loader_path/Frameworks";
				PRODUCT_BUNDLE_IDENTIFIER = "com.hyh.Background-fetch-capabilitiesTests";
				PRODUCT_NAME = "$(TARGET_NAME)";
				TEST_HOST = "$(BUILT_PRODUCTS_DIR)/Background fetch capabilities.app/Background fetch capabilities";
			};
			name = Release;
		};
		6D6AE3171C481AAC00260DA9 /* Debug */ = {
			isa = XCBuildConfiguration;
			buildSettings = {
				INFOPLIST_FILE = "Background fetch capabilitiesUITests/Info.plist";
				LD_RUNPATH_SEARCH_PATHS = "$(inherited) @executable_path/Frameworks @loader_path/Frameworks";
				PRODUCT_BUNDLE_IDENTIFIER = "com.hyh.Background-fetch-capabilitiesUITests";
				PRODUCT_NAME = "$(TARGET_NAME)";
				TEST_TARGET_NAME = "Background fetch capabilities";
				USES_XCTRUNNER = YES;
			};
			name = Debug;
		};
		6D6AE3181C481AAC00260DA9 /* Release */ = {
			isa = XCBuildConfiguration;
			buildSettings = {
				INFOPLIST_FILE = "Background fetch capabilitiesUITests/Info.plist";
				LD_RUNPATH_SEARCH_PATHS = "$(inherited) @executable_path/Frameworks @loader_path/Frameworks";
				PRODUCT_BUNDLE_IDENTIFIER = "com.hyh.Background-fetch-capabilitiesUITests";
				PRODUCT_NAME = "$(TARGET_NAME)";
				TEST_TARGET_NAME = "Background fetch capabilities";
				USES_XCTRUNNER = YES;
			};
			name = Release;
		};
/* End XCBuildConfiguration section */

/* Begin XCConfigurationList section */
		6D6AE2E31C481AAC00260DA9 /* Build configuration list for PBXProject "Background fetch capabilities" */ = {
			isa = XCConfigurationList;
			buildConfigurations = (
				6D6AE30E1C481AAC00260DA9 /* Debug */,
				6D6AE30F1C481AAC00260DA9 /* Release */,
			);
			defaultConfigurationIsVisible = 0;
			defaultConfigurationName = Release;
		};
		6D6AE3101C481AAC00260DA9 /* Build configuration list for PBXNativeTarget "Background fetch capabilities" */ = {
			isa = XCConfigurationList;
			buildConfigurations = (
				6D6AE3111C481AAC00260DA9 /* Debug */,
				6D6AE3121C481AAC00260DA9 /* Release */,
			);
			defaultConfigurationIsVisible = 0;
		};
		6D6AE3131C481AAC00260DA9 /* Build configuration list for PBXNativeTarget "Background fetch capabilitiesTests" */ = {
			isa = XCConfigurationList;
			buildConfigurations = (
				6D6AE3141C481AAC00260DA9 /* Debug */,
				6D6AE3151C481AAC00260DA9 /* Release */,
			);
			defaultConfigurationIsVisible = 0;
		};
		6D6AE3161C481AAC00260DA9 /* Build configuration list for PBXNativeTarget "Background fetch capabilitiesUITests" */ = {
			isa = XCConfigurationList;
			buildConfigurations = (
				6D6AE3171C481AAC00260DA9 /* Debug */,
				6D6AE3181C481AAC00260DA9 /* Release */,
			);
			defaultConfigurationIsVisible = 0;
		};
/* End XCConfigurationList section */
	};
	rootObject = 6D6AE2E01C481AAC00260DA9 /* Project object */;
}
