// !$*UTF8*$!
{
	archiveVersion = 1;
	classes = {
	};
	objectVersion = 46;
	objects = {

/* Begin PBXBuildFile section */
		6D7A7C9A1C19D18A00C206E8 /* AppDelegate.swift in Sources */ = {isa = PBXBuildFile; fileRef = 6D7A7C991C19D18A00C206E8 /* AppDelegate.swift */; };
		6D7A7C9C1C19D18A00C206E8 /* ViewController.swift in Sources */ = {isa = PBXBuildFile; fileRef = 6D7A7C9B1C19D18A00C206E8 /* ViewController.swift */; };
		6D7A7C9F1C19D18A00C206E8 /* Main.storyboard in Resources */ = {isa = PBXBuildFile; fileRef = 6D7A7C9D1C19D18A00C206E8 /* Main.storyboard */; };
		6D7A7CA11C19D18A00C206E8 /* Assets.xcassets in Resources */ = {isa = PBXBuildFile; fileRef = 6D7A7CA01C19D18A00C206E8 /* Assets.xcassets */; };
		6D7A7CA41C19D18A00C206E8 /* LaunchScreen.storyboard in Resources */ = {isa = PBXBuildFile; fileRef = 6D7A7CA21C19D18A00C206E8 /* LaunchScreen.storyboard */; };
		6D7A7CAF1C19D18A00C206E8 /* Displaying_imagesTests.swift in Sources */ = {isa = PBXBuildFile; fileRef = 6D7A7CAE1C19D18A00C206E8 /* Displaying_imagesTests.swift */; };
		6D7A7CBA1C19D18A00C206E8 /* Displaying_imagesUITests.swift in Sources */ = {isa = PBXBuildFile; fileRef = 6D7A7CB91C19D18A00C206E8 /* Displaying_imagesUITests.swift */; };
/* End PBXBuildFile section */

/* Begin PBXContainerItemProxy section */
		6D7A7CAB1C19D18A00C206E8 /* PBXContainerItemProxy */ = {
			isa = PBXContainerItemProxy;
			containerPortal = 6D7A7C8E1C19D18A00C206E8 /* Project object */;
			proxyType = 1;
			remoteGlobalIDString = 6D7A7C951C19D18A00C206E8;
			remoteInfo = "Displaying images";
		};
		6D7A7CB61C19D18A00C206E8 /* PBXContainerItemProxy */ = {
			isa = PBXContainerItemProxy;
			containerPortal = 6D7A7C8E1C19D18A00C206E8 /* Project object */;
			proxyType = 1;
			remoteGlobalIDString = 6D7A7C951C19D18A00C206E8;
			remoteInfo = "Displaying images";
		};
/* End PBXContainerItemProxy section */

/* Begin PBXFileReference section */
		6D7A7C961C19D18A00C206E8 /* Displaying images.app */ = {isa = PBXFileReference; explicitFileType = wrapper.application; includeInIndex = 0; path = "Displaying images.app"; sourceTree = BUILT_PRODUCTS_DIR; };
		6D7A7C991C19D18A00C206E8 /* AppDelegate.swift */ = {isa = PBXFileReference; lastKnownFileType = sourcecode.swift; path = AppDelegate.swift; sourceTree = "<group>"; };
		6D7A7C9B1C19D18A00C206E8 /* ViewController.swift */ = {isa = PBXFileReference; lastKnownFileType = sourcecode.swift; path = ViewController.swift; sourceTree = "<group>"; };
		6D7A7C9E1C19D18A00C206E8 /* Base */ = {isa = PBXFileReference; lastKnownFileType = file.storyboard; name = Base; path = Base.lproj/Main.storyboard; sourceTree = "<group>"; };
		6D7A7CA01C19D18A00C206E8 /* Assets.xcassets */ = {isa = PBXFileReference; lastKnownFileType = folder.assetcatalog; path = Assets.xcassets; sourceTree = "<group>"; };
		6D7A7CA31C19D18A00C206E8 /* Base */ = {isa = PBXFileReference; lastKnownFileType = file.storyboard; name = Base; path = Base.lproj/LaunchScreen.storyboard; sourceTree = "<group>"; };
		6D7A7CA51C19D18A00C206E8 /* Info.plist */ = {isa = PBXFileReference; lastKnownFileType = text.plist.xml; path = Info.plist; sourceTree = "<group>"; };
		6D7A7CAA1C19D18A00C206E8 /* Displaying imagesTests.xctest */ = {isa = PBXFileReference; explicitFileType = wrapper.cfbundle; includeInIndex = 0; path = "Displaying imagesTests.xctest"; sourceTree = BUILT_PRODUCTS_DIR; };
		6D7A7CAE1C19D18A00C206E8 /* Displaying_imagesTests.swift */ = {isa = PBXFileReference; lastKnownFileType = sourcecode.swift; path = Displaying_imagesTests.swift; sourceTree = "<group>"; };
		6D7A7CB01C19D18A00C206E8 /* Info.plist */ = {isa = PBXFileReference; lastKnownFileType = text.plist.xml; path = Info.plist; sourceTree = "<group>"; };
		6D7A7CB51C19D18A00C206E8 /* Displaying imagesUITests.xctest */ = {isa = PBXFileReference; explicitFileType = wrapper.cfbundle; includeInIndex = 0; path = "Displaying imagesUITests.xctest"; sourceTree = BUILT_PRODUCTS_DIR; };
		6D7A7CB91C19D18A00C206E8 /* Displaying_imagesUITests.swift */ = {isa = PBXFileReference; lastKnownFileType = sourcecode.swift; path = Displaying_imagesUITests.swift; sourceTree = "<group>"; };
		6D7A7CBB1C19D18A00C206E8 /* Info.plist */ = {isa = PBXFileReference; lastKnownFileType = text.plist.xml; path = Info.plist; sourceTree = "<group>"; };
/* End PBXFileReference section */

/* Begin PBXFrameworksBuildPhase section */
		6D7A7C931C19D18A00C206E8 /* Frameworks */ = {
			isa = PBXFrameworksBuildPhase;
			buildActionMask = 2147483647;
			files = (
			);
			runOnlyForDeploymentPostprocessing = 0;
		};
		6D7A7CA71C19D18A00C206E8 /* Frameworks */ = {
			isa = PBXFrameworksBuildPhase;
			buildActionMask = 2147483647;
			files = (
			);
			runOnlyForDeploymentPostprocessing = 0;
		};
		6D7A7CB21C19D18A00C206E8 /* Frameworks */ = {
			isa = PBXFrameworksBuildPhase;
			buildActionMask = 2147483647;
			files = (
			);
			runOnlyForDeploymentPostprocessing = 0;
		};
/* End PBXFrameworksBuildPhase section */

/* Begin PBXGroup section */
		6D7A7C8D1C19D18A00C206E8 = {
			isa = PBXGroup;
			children = (
				6D7A7C981C19D18A00C206E8 /* Displaying images */,
				6D7A7CAD1C19D18A00C206E8 /* Displaying imagesTests */,
				6D7A7CB81C19D18A00C206E8 /* Displaying imagesUITests */,
				6D7A7C971C19D18A00C206E8 /* Products */,
			);
			sourceTree = "<group>";
		};
		6D7A7C971C19D18A00C206E8 /* Products */ = {
			isa = PBXGroup;
			children = (
				6D7A7C961C19D18A00C206E8 /* Displaying images.app */,
				6D7A7CAA1C19D18A00C206E8 /* Displaying imagesTests.xctest */,
				6D7A7CB51C19D18A00C206E8 /* Displaying imagesUITests.xctest */,
			);
			name = Products;
			sourceTree = "<group>";
		};
		6D7A7C981C19D18A00C206E8 /* Displaying images */ = {
			isa = PBXGroup;
			children = (
				6D7A7C991C19D18A00C206E8 /* AppDelegate.swift */,
				6D7A7C9B1C19D18A00C206E8 /* ViewController.swift */,
				6D7A7C9D1C19D18A00C206E8 /* Main.storyboard */,
				6D7A7CA01C19D18A00C206E8 /* Assets.xcassets */,
				6D7A7CA21C19D18A00C206E8 /* LaunchScreen.storyboard */,
				6D7A7CA51C19D18A00C206E8 /* Info.plist */,
			);
			path = "Displaying images";
			sourceTree = "<group>";
		};
		6D7A7CAD1C19D18A00C206E8 /* Displaying imagesTests */ = {
			isa = PBXGroup;
			children = (
				6D7A7CAE1C19D18A00C206E8 /* Displaying_imagesTests.swift */,
				6D7A7CB01C19D18A00C206E8 /* Info.plist */,
			);
			path = "Displaying imagesTests";
			sourceTree = "<group>";
		};
		6D7A7CB81C19D18A00C206E8 /* Displaying imagesUITests */ = {
			isa = PBXGroup;
			children = (
				6D7A7CB91C19D18A00C206E8 /* Displaying_imagesUITests.swift */,
				6D7A7CBB1C19D18A00C206E8 /* Info.plist */,
			);
			path = "Displaying imagesUITests";
			sourceTree = "<group>";
		};
/* End PBXGroup section */

/* Begin PBXNativeTarget section */
		6D7A7C951C19D18A00C206E8 /* Displaying images */ = {
			isa = PBXNativeTarget;
			buildConfigurationList = 6D7A7CBE1C19D18A00C206E8 /* Build configuration list for PBXNativeTarget "Displaying images" */;
			buildPhases = (
				6D7A7C921C19D18A00C206E8 /* Sources */,
				6D7A7C931C19D18A00C206E8 /* Frameworks */,
				6D7A7C941C19D18A00C206E8 /* Resources */,
			);
			buildRules = (
			);
			dependencies = (
			);
			name = "Displaying images";
			productName = "Displaying images";
			productReference = 6D7A7C961C19D18A00C206E8 /* Displaying images.app */;
			productType = "com.apple.product-type.application";
		};
		6D7A7CA91C19D18A00C206E8 /* Displaying imagesTests */ = {
			isa = PBXNativeTarget;
			buildConfigurationList = 6D7A7CC11C19D18A00C206E8 /* Build configuration list for PBXNativeTarget "Displaying imagesTests" */;
			buildPhases = (
				6D7A7CA61C19D18A00C206E8 /* Sources */,
				6D7A7CA71C19D18A00C206E8 /* Frameworks */,
				6D7A7CA81C19D18A00C206E8 /* Resources */,
			);
			buildRules = (
			);
			dependencies = (
				6D7A7CAC1C19D18A00C206E8 /* PBXTargetDependency */,
			);
			name = "Displaying imagesTests";
			productName = "Displaying imagesTests";
			productReference = 6D7A7CAA1C19D18A00C206E8 /* Displaying imagesTests.xctest */;
			productType = "com.apple.product-type.bundle.unit-test";
		};
		6D7A7CB41C19D18A00C206E8 /* Displaying imagesUITests */ = {
			isa = PBXNativeTarget;
			buildConfigurationList = 6D7A7CC41C19D18A00C206E8 /* Build configuration list for PBXNativeTarget "Displaying imagesUITests" */;
			buildPhases = (
				6D7A7CB11C19D18A00C206E8 /* Sources */,
				6D7A7CB21C19D18A00C206E8 /* Frameworks */,
				6D7A7CB31C19D18A00C206E8 /* Resources */,
			);
			buildRules = (
			);
			dependencies = (
				6D7A7CB71C19D18A00C206E8 /* PBXTargetDependency */,
			);
			name = "Displaying imagesUITests";
			productName = "Displaying imagesUITests";
			productReference = 6D7A7CB51C19D18A00C206E8 /* Displaying imagesUITests.xctest */;
			productType = "com.apple.product-type.bundle.ui-testing";
		};
/* End PBXNativeTarget section */

/* Begin PBXProject section */
		6D7A7C8E1C19D18A00C206E8 /* Project object */ = {
			isa = PBXProject;
			attributes = {
				LastUpgradeCheck = 0700;
				ORGANIZATIONNAME = HackerU;
				TargetAttributes = {
					6D7A7C951C19D18A00C206E8 = {
						CreatedOnToolsVersion = 7.0.1;
					};
					6D7A7CA91C19D18A00C206E8 = {
						CreatedOnToolsVersion = 7.0.1;
						TestTargetID = 6D7A7C951C19D18A00C206E8;
					};
					6D7A7CB41C19D18A00C206E8 = {
						CreatedOnToolsVersion = 7.0.1;
						TestTargetID = 6D7A7C951C19D18A00C206E8;
					};
				};
			};
			buildConfigurationList = 6D7A7C911C19D18A00C206E8 /* Build configuration list for PBXProject "Displaying images" */;
			compatibilityVersion = "Xcode 3.2";
			developmentRegion = English;
			hasScannedForEncodings = 0;
			knownRegions = (
				en,
				Base,
			);
			mainGroup = 6D7A7C8D1C19D18A00C206E8;
			productRefGroup = 6D7A7C971C19D18A00C206E8 /* Products */;
			projectDirPath = "";
			projectRoot = "";
			targets = (
				6D7A7C951C19D18A00C206E8 /* Displaying images */,
				6D7A7CA91C19D18A00C206E8 /* Displaying imagesTests */,
				6D7A7CB41C19D18A00C206E8 /* Displaying imagesUITests */,
			);
		};
/* End PBXProject section */

/* Begin PBXResourcesBuildPhase section */
		6D7A7C941C19D18A00C206E8 /* Resources */ = {
			isa = PBXResourcesBuildPhase;
			buildActionMask = 2147483647;
			files = (
				6D7A7CA41C19D18A00C206E8 /* LaunchScreen.storyboard in Resources */,
				6D7A7CA11C19D18A00C206E8 /* Assets.xcassets in Resources */,
				6D7A7C9F1C19D18A00C206E8 /* Main.storyboard in Resources */,
			);
			runOnlyForDeploymentPostprocessing = 0;
		};
		6D7A7CA81C19D18A00C206E8 /* Resources */ = {
			isa = PBXResourcesBuildPhase;
			buildActionMask = 2147483647;
			files = (
			);
			runOnlyForDeploymentPostprocessing = 0;
		};
		6D7A7CB31C19D18A00C206E8 /* Resources */ = {
			isa = PBXResourcesBuildPhase;
			buildActionMask = 2147483647;
			files = (
			);
			runOnlyForDeploymentPostprocessing = 0;
		};
/* End PBXResourcesBuildPhase section */

/* Begin PBXSourcesBuildPhase section */
		6D7A7C921C19D18A00C206E8 /* Sources */ = {
			isa = PBXSourcesBuildPhase;
			buildActionMask = 2147483647;
			files = (
				6D7A7C9C1C19D18A00C206E8 /* ViewController.swift in Sources */,
				6D7A7C9A1C19D18A00C206E8 /* AppDelegate.swift in Sources */,
			);
			runOnlyForDeploymentPostprocessing = 0;
		};
		6D7A7CA61C19D18A00C206E8 /* Sources */ = {
			isa = PBXSourcesBuildPhase;
			buildActionMask = 2147483647;
			files = (
				6D7A7CAF1C19D18A00C206E8 /* Displaying_imagesTests.swift in Sources */,
			);
			runOnlyForDeploymentPostprocessing = 0;
		};
		6D7A7CB11C19D18A00C206E8 /* Sources */ = {
			isa = PBXSourcesBuildPhase;
			buildActionMask = 2147483647;
			files = (
				6D7A7CBA1C19D18A00C206E8 /* Displaying_imagesUITests.swift in Sources */,
			);
			runOnlyForDeploymentPostprocessing = 0;
		};
/* End PBXSourcesBuildPhase section */

/* Begin PBXTargetDependency section */
		6D7A7CAC1C19D18A00C206E8 /* PBXTargetDependency */ = {
			isa = PBXTargetDependency;
			target = 6D7A7C951C19D18A00C206E8 /* Displaying images */;
			targetProxy = 6D7A7CAB1C19D18A00C206E8 /* PBXContainerItemProxy */;
		};
		6D7A7CB71C19D18A00C206E8 /* PBXTargetDependency */ = {
			isa = PBXTargetDependency;
			target = 6D7A7C951C19D18A00C206E8 /* Displaying images */;
			targetProxy = 6D7A7CB61C19D18A00C206E8 /* PBXContainerItemProxy */;
		};
/* End PBXTargetDependency section */

/* Begin PBXVariantGroup section */
		6D7A7C9D1C19D18A00C206E8 /* Main.storyboard */ = {
			isa = PBXVariantGroup;
			children = (
				6D7A7C9E1C19D18A00C206E8 /* Base */,
			);
			name = Main.storyboard;
			sourceTree = "<group>";
		};
		6D7A7CA21C19D18A00C206E8 /* LaunchScreen.storyboard */ = {
			isa = PBXVariantGroup;
			children = (
				6D7A7CA31C19D18A00C206E8 /* Base */,
			);
			name = LaunchScreen.storyboard;
			sourceTree = "<group>";
		};
/* End PBXVariantGroup section */

/* Begin XCBuildConfiguration section */
		6D7A7CBC1C19D18A00C206E8 /* Debug */ = {
			isa = XCBuildConfiguration;
			buildSettings = {
				ALWAYS_SEARCH_USER_PATHS = NO;
				CLANG_CXX_LANGUAGE_STANDARD = "gnu++0x";
				CLANG_CXX_LIBRARY = "libc++";
				CLANG_ENABLE_MODULES = YES;
				CLANG_ENABLE_OBJC_ARC = YES;
				CLANG_WARN_BOOL_CONVERSION = YES;
				CLANG_WARN_CONSTANT_CONVERSION = YES;
				CLANG_WARN_DIRECT_OBJC_ISA_USAGE = YES_ERROR;
				CLANG_WARN_EMPTY_BODY = YES;
				CLANG_WARN_ENUM_CONVERSION = YES;
				CLANG_WARN_INT_CONVERSION = YES;
				CLANG_WARN_OBJC_ROOT_CLASS = YES_ERROR;
				CLANG_WARN_UNREACHABLE_CODE = YES;
				CLANG_WARN__DUPLICATE_METHOD_MATCH = YES;
				"CODE_SIGN_IDENTITY[sdk=iphoneos*]" = "iPhone Developer";
				COPY_PHASE_STRIP = NO;
				DEBUG_INFORMATION_FORMAT = dwarf;
				ENABLE_STRICT_OBJC_MSGSEND = YES;
				ENABLE_TESTABILITY = YES;
				GCC_C_LANGUAGE_STANDARD = gnu99;
				GCC_DYNAMIC_NO_PIC = NO;
				GCC_NO_COMMON_BLOCKS = YES;
				GCC_OPTIMIZATION_LEVEL = 0;
				GCC_PREPROCESSOR_DEFINITIONS = (
					"DEBUG=1",
					"$(inherited)",
				);
				GCC_WARN_64_TO_32_BIT_CONVERSION = YES;
				GCC_WARN_ABOUT_RETURN_TYPE = YES_ERROR;
				GCC_WARN_UNDECLARED_SELECTOR = YES;
				GCC_WARN_UNINITIALIZED_AUTOS = YES_AGGRESSIVE;
				GCC_WARN_UNUSED_FUNCTION = YES;
				GCC_WARN_UNUSED_VARIABLE = YES;
				IPHONEOS_DEPLOYMENT_TARGET = 9.0;
				MTL_ENABLE_DEBUG_INFO = YES;
				ONLY_ACTIVE_ARCH = YES;
				SDKROOT = iphoneos;
				SWIFT_OPTIMIZATION_LEVEL = "-Onone";
			};
			name = Debug;
		};
		6D7A7CBD1C19D18A00C206E8 /* Release */ = {
			isa = XCBuildConfiguration;
			buildSettings = {
				ALWAYS_SEARCH_USER_PATHS = NO;
				CLANG_CXX_LANGUAGE_STANDARD = "gnu++0x";
				CLANG_CXX_LIBRARY = "libc++";
				CLANG_ENABLE_MODULES = YES;
				CLANG_ENABLE_OBJC_ARC = YES;
				CLANG_WARN_BOOL_CONVERSION = YES;
				CLANG_WARN_CONSTANT_CONVERSION = YES;
				CLANG_WARN_DIRECT_OBJC_ISA_USAGE = YES_ERROR;
				CLANG_WARN_EMPTY_BODY = YES;
				CLANG_WARN_ENUM_CONVERSION = YES;
				CLANG_WARN_INT_CONVERSION = YES;
				CLANG_WARN_OBJC_ROOT_CLASS = YES_ERROR;
				CLANG_WARN_UNREACHABLE_CODE = YES;
				CLANG_WARN__DUPLICATE_METHOD_MATCH = YES;
				"CODE_SIGN_IDENTITY[sdk=iphoneos*]" = "iPhone Developer";
				COPY_PHASE_STRIP = NO;
				DEBUG_INFORMATION_FORMAT = "dwarf-with-dsym";
				ENABLE_NS_ASSERTIONS = NO;
				ENABLE_STRICT_OBJC_MSGSEND = YES;
				GCC_C_LANGUAGE_STANDARD = gnu99;
				GCC_NO_COMMON_BLOCKS = YES;
				GCC_WARN_64_TO_32_BIT_CONVERSION = YES;
				GCC_WARN_ABOUT_RETURN_TYPE = YES_ERROR;
				GCC_WARN_UNDECLARED_SELECTOR = YES;
				GCC_WARN_UNINITIALIZED_AUTOS = YES_AGGRESSIVE;
				GCC_WARN_UNUSED_FUNCTION = YES;
				GCC_WARN_UNUSED_VARIABLE = YES;
				IPHONEOS_DEPLOYMENT_TARGET = 9.0;
				MTL_ENABLE_DEBUG_INFO = NO;
				SDKROOT = iphoneos;
				VALIDATE_PRODUCT = YES;
			};
			name = Release;
		};
		6D7A7CBF1C19D18A00C206E8 /* Debug */ = {
			isa = XCBuildConfiguration;
			buildSettings = {
				ASSETCATALOG_COMPILER_APPICON_NAME = AppIcon;
				INFOPLIST_FILE = "Displaying images/Info.plist";
				LD_RUNPATH_SEARCH_PATHS = "$(inherited) @executable_path/Frameworks";
				PRODUCT_BUNDLE_IDENTIFIER = "com.hyh.Displaying-images";
				PRODUCT_NAME = "$(TARGET_NAME)";
			};
			name = Debug;
		};
		6D7A7CC01C19D18A00C206E8 /* Release */ = {
			isa = XCBuildConfiguration;
			buildSettings = {
				ASSETCATALOG_COMPILER_APPICON_NAME = AppIcon;
				INFOPLIST_FILE = "Displaying images/Info.plist";
				LD_RUNPATH_SEARCH_PATHS = "$(inherited) @executable_path/Frameworks";
				PRODUCT_BUNDLE_IDENTIFIER = "com.hyh.Displaying-images";
				PRODUCT_NAME = "$(TARGET_NAME)";
			};
			name = Release;
		};
		6D7A7CC21C19D18A00C206E8 /* Debug */ = {
			isa = XCBuildConfiguration;
			buildSettings = {
				BUNDLE_LOADER = "$(TEST_HOST)";
				INFOPLIST_FILE = "Displaying imagesTests/Info.plist";
				LD_RUNPATH_SEARCH_PATHS = "$(inherited) @executable_path/Frameworks @loader_path/Frameworks";
				PRODUCT_BUNDLE_IDENTIFIER = "com.hyh.Displaying-imagesTests";
				PRODUCT_NAME = "$(TARGET_NAME)";
				TEST_HOST = "$(BUILT_PRODUCTS_DIR)/Displaying images.app/Displaying images";
			};
			name = Debug;
		};
		6D7A7CC31C19D18A00C206E8 /* Release */ = {
			isa = XCBuildConfiguration;
			buildSettings = {
				BUNDLE_LOADER = "$(TEST_HOST)";
				INFOPLIST_FILE = "Displaying imagesTests/Info.plist";
				LD_RUNPATH_SEARCH_PATHS = "$(inherited) @executable_path/Frameworks @loader_path/Frameworks";
				PRODUCT_BUNDLE_IDENTIFIER = "com.hyh.Displaying-imagesTests";
				PRODUCT_NAME = "$(TARGET_NAME)";
				TEST_HOST = "$(BUILT_PRODUCTS_DIR)/Displaying images.app/Displaying images";
			};
			name = Release;
		};
		6D7A7CC51C19D18A00C206E8 /* Debug */ = {
			isa = XCBuildConfiguration;
			buildSettings = {
				INFOPLIST_FILE = "Displaying imagesUITests/Info.plist";
				LD_RUNPATH_SEARCH_PATHS = "$(inherited) @executable_path/Frameworks @loader_path/Frameworks";
				PRODUCT_BUNDLE_IDENTIFIER = "com.hyh.Displaying-imagesUITests";
				PRODUCT_NAME = "$(TARGET_NAME)";
				TEST_TARGET_NAME = "Displaying images";
				USES_XCTRUNNER = YES;
			};
			name = Debug;
		};
		6D7A7CC61C19D18A00C206E8 /* Release */ = {
			isa = XCBuildConfiguration;
			buildSettings = {
				INFOPLIST_FILE = "Displaying imagesUITests/Info.plist";
				LD_RUNPATH_SEARCH_PATHS = "$(inherited) @executable_path/Frameworks @loader_path/Frameworks";
				PRODUCT_BUNDLE_IDENTIFIER = "com.hyh.Displaying-imagesUITests";
				PRODUCT_NAME = "$(TARGET_NAME)";
				TEST_TARGET_NAME = "Displaying images";
				USES_XCTRUNNER = YES;
			};
			name = Release;
		};
/* End XCBuildConfiguration section */

/* Begin XCConfigurationList section */
		6D7A7C911C19D18A00C206E8 /* Build configuration list for PBXProject "Displaying images" */ = {
			isa = XCConfigurationList;
			buildConfigurations = (
				6D7A7CBC1C19D18A00C206E8 /* Debug */,
				6D7A7CBD1C19D18A00C206E8 /* Release */,
			);
			defaultConfigurationIsVisible = 0;
			defaultConfigurationName = Release;
		};
		6D7A7CBE1C19D18A00C206E8 /* Build configuration list for PBXNativeTarget "Displaying images" */ = {
			isa = XCConfigurationList;
			buildConfigurations = (
				6D7A7CBF1C19D18A00C206E8 /* Debug */,
				6D7A7CC01C19D18A00C206E8 /* Release */,
			);
			defaultConfigurationIsVisible = 0;
		};
		6D7A7CC11C19D18A00C206E8 /* Build configuration list for PBXNativeTarget "Displaying imagesTests" */ = {
			isa = XCConfigurationList;
			buildConfigurations = (
				6D7A7CC21C19D18A00C206E8 /* Debug */,
				6D7A7CC31C19D18A00C206E8 /* Release */,
			);
			defaultConfigurationIsVisible = 0;
		};
		6D7A7CC41C19D18A00C206E8 /* Build configuration list for PBXNativeTarget "Displaying imagesUITests" */ = {
			isa = XCConfigurationList;
			buildConfigurations = (
				6D7A7CC51C19D18A00C206E8 /* Debug */,
				6D7A7CC61C19D18A00C206E8 /* Release */,
			);
			defaultConfigurationIsVisible = 0;
		};
/* End XCConfigurationList section */
	};
	rootObject = 6D7A7C8E1C19D18A00C206E8 /* Project object */;
}
